// !$*UTF8*$!
{
	archiveVersion = 1;
	classes = {
	};
	objectVersion = 50;
	objects = {

/* Begin PBXBuildFile section */
		C2319BE9246E7650006D06D4 /* AdaptingStack.swift in Sources */ = {isa = PBXBuildFile; fileRef = C2319BE8246E764F006D06D4 /* AdaptingStack.swift */; };
		C2319BEB246EAAB5006D06D4 /* ActivityIndicator.swift in Sources */ = {isa = PBXBuildFile; fileRef = C2319BEA246EAAB5006D06D4 /* ActivityIndicator.swift */; };
		C2D4BDF82464FE610076F99E /* AppDelegate.swift in Sources */ = {isa = PBXBuildFile; fileRef = C2D4BDF72464FE610076F99E /* AppDelegate.swift */; };
		C2D4BDFA2464FE610076F99E /* SceneDelegate.swift in Sources */ = {isa = PBXBuildFile; fileRef = C2D4BDF92464FE610076F99E /* SceneDelegate.swift */; };
		C2D4BDFC2464FE610076F99E /* HomeView.swift in Sources */ = {isa = PBXBuildFile; fileRef = C2D4BDFB2464FE610076F99E /* HomeView.swift */; };
		C2D4BDFE2464FE650076F99E /* Assets.xcassets in Resources */ = {isa = PBXBuildFile; fileRef = C2D4BDFD2464FE650076F99E /* Assets.xcassets */; };
		C2D4BE012464FE650076F99E /* Preview Assets.xcassets in Resources */ = {isa = PBXBuildFile; fileRef = C2D4BE002464FE650076F99E /* Preview Assets.xcassets */; };
		C2D4BE042464FE650076F99E /* LaunchScreen.storyboard in Resources */ = {isa = PBXBuildFile; fileRef = C2D4BE022464FE650076F99E /* LaunchScreen.storyboard */; };
		C2D4BE102465033A0076F99E /* UserView.swift in Sources */ = {isa = PBXBuildFile; fileRef = C2D4BE0F2465033A0076F99E /* UserView.swift */; };
		C2D4BE15246A7D360076F99E /* HomeViewModel.swift in Sources */ = {isa = PBXBuildFile; fileRef = C2D4BE14246A7D360076F99E /* HomeViewModel.swift */; };
		C2F38257246A909F00CB88E8 /* User.swift in Sources */ = {isa = PBXBuildFile; fileRef = C2F38256246A909F00CB88E8 /* User.swift */; };
		C2F3825A246AA42300CB88E8 /* DetailView.swift in Sources */ = {isa = PBXBuildFile; fileRef = C2F38259246AA42300CB88E8 /* DetailView.swift */; };
/* End PBXBuildFile section */

/* Begin PBXFileReference section */
		C2319BE8246E764F006D06D4 /* AdaptingStack.swift */ = {isa = PBXFileReference; lastKnownFileType = sourcecode.swift; path = AdaptingStack.swift; sourceTree = "<group>"; };
		C2319BEA246EAAB5006D06D4 /* ActivityIndicator.swift */ = {isa = PBXFileReference; lastKnownFileType = sourcecode.swift; path = ActivityIndicator.swift; sourceTree = "<group>"; };
		C2D4BDF42464FE610076F99E /* LearningSwiftUI.app */ = {isa = PBXFileReference; explicitFileType = wrapper.application; includeInIndex = 0; path = LearningSwiftUI.app; sourceTree = BUILT_PRODUCTS_DIR; };
		C2D4BDF72464FE610076F99E /* AppDelegate.swift */ = {isa = PBXFileReference; lastKnownFileType = sourcecode.swift; path = AppDelegate.swift; sourceTree = "<group>"; };
		C2D4BDF92464FE610076F99E /* SceneDelegate.swift */ = {isa = PBXFileReference; lastKnownFileType = sourcecode.swift; path = SceneDelegate.swift; sourceTree = "<group>"; };
		C2D4BDFB2464FE610076F99E /* HomeView.swift */ = {isa = PBXFileReference; lastKnownFileType = sourcecode.swift; path = HomeView.swift; sourceTree = "<group>"; };
		C2D4BDFD2464FE650076F99E /* Assets.xcassets */ = {isa = PBXFileReference; lastKnownFileType = folder.assetcatalog; path = Assets.xcassets; sourceTree = "<group>"; };
		C2D4BE002464FE650076F99E /* Preview Assets.xcassets */ = {isa = PBXFileReference; lastKnownFileType = folder.assetcatalog; path = "Preview Assets.xcassets"; sourceTree = "<group>"; };
		C2D4BE032464FE650076F99E /* Base */ = {isa = PBXFileReference; lastKnownFileType = file.storyboard; name = Base; path = Base.lproj/LaunchScreen.storyboard; sourceTree = "<group>"; };
		C2D4BE052464FE650076F99E /* Info.plist */ = {isa = PBXFileReference; lastKnownFileType = text.plist.xml; path = Info.plist; sourceTree = "<group>"; };
		C2D4BE0F2465033A0076F99E /* UserView.swift */ = {isa = PBXFileReference; lastKnownFileType = sourcecode.swift; path = UserView.swift; sourceTree = "<group>"; };
		C2D4BE14246A7D360076F99E /* HomeViewModel.swift */ = {isa = PBXFileReference; lastKnownFileType = sourcecode.swift; path = HomeViewModel.swift; sourceTree = "<group>"; };
		C2F38256246A909F00CB88E8 /* User.swift */ = {isa = PBXFileReference; lastKnownFileType = sourcecode.swift; path = User.swift; sourceTree = "<group>"; };
		C2F38259246AA42300CB88E8 /* DetailView.swift */ = {isa = PBXFileReference; lastKnownFileType = sourcecode.swift; path = DetailView.swift; sourceTree = "<group>"; };
/* End PBXFileReference section */

/* Begin PBXFrameworksBuildPhase section */
		C2D4BDF12464FE610076F99E /* Frameworks */ = {
			isa = PBXFrameworksBuildPhase;
			buildActionMask = 2147483647;
			files = (
			);
			runOnlyForDeploymentPostprocessing = 0;
		};
/* End PBXFrameworksBuildPhase section */

/* Begin PBXGroup section */
		C2319BE7246E7636006D06D4 /* Custom */ = {
			isa = PBXGroup;
			children = (
				C2319BE8246E764F006D06D4 /* AdaptingStack.swift */,
				C2319BEA246EAAB5006D06D4 /* ActivityIndicator.swift */,
			);
			path = Custom;
			sourceTree = "<group>";
		};
		C2D4BDEB2464FE610076F99E = {
			isa = PBXGroup;
			children = (
				C2D4BDF62464FE610076F99E /* LearningSwiftUI */,
				C2D4BDF52464FE610076F99E /* Products */,
			);
			sourceTree = "<group>";
		};
		C2D4BDF52464FE610076F99E /* Products */ = {
			isa = PBXGroup;
			children = (
				C2D4BDF42464FE610076F99E /* LearningSwiftUI.app */,
			);
			name = Products;
			sourceTree = "<group>";
		};
		C2D4BDF62464FE610076F99E /* LearningSwiftUI */ = {
			isa = PBXGroup;
			children = (
				C2319BE7246E7636006D06D4 /* Custom */,
				C2F38258246AA40B00CB88E8 /* View */,
				C2D4BE13246A7D170076F99E /* Services */,
				C2D4BE11246A7CFD0076F99E /* Model */,
				C2D4BDF72464FE610076F99E /* AppDelegate.swift */,
				C2D4BDFD2464FE650076F99E /* Assets.xcassets */,
				C2D4BE052464FE650076F99E /* Info.plist */,
				C2D4BE022464FE650076F99E /* LaunchScreen.storyboard */,
				C2D4BDFF2464FE650076F99E /* Preview Content */,
				C2D4BDF92464FE610076F99E /* SceneDelegate.swift */,
			);
			path = LearningSwiftUI;
			sourceTree = "<group>";
		};
		C2D4BDFF2464FE650076F99E /* Preview Content */ = {
			isa = PBXGroup;
			children = (
				C2D4BE002464FE650076F99E /* Preview Assets.xcassets */,
			);
			path = "Preview Content";
			sourceTree = "<group>";
		};
		C2D4BE11246A7CFD0076F99E /* Model */ = {
			isa = PBXGroup;
			children = (
				C2F38256246A909F00CB88E8 /* User.swift */,
			);
			path = Model;
			sourceTree = "<group>";
		};
		C2D4BE12246A7D0D0076F99E /* Home */ = {
			isa = PBXGroup;
			children = (
				C2D4BDFB2464FE610076F99E /* HomeView.swift */,
				C2D4BE14246A7D360076F99E /* HomeViewModel.swift */,
				C2D4BE0F2465033A0076F99E /* UserView.swift */,
			);
			path = Home;
			sourceTree = "<group>";
		};
		C2D4BE13246A7D170076F99E /* Services */ = {
			isa = PBXGroup;
			children = (
			);
			path = Services;
			sourceTree = "<group>";
		};
		C2F38258246AA40B00CB88E8 /* View */ = {
			isa = PBXGroup;
			children = (
				C2F3825B246AA42900CB88E8 /* Detail */,
				C2D4BE12246A7D0D0076F99E /* Home */,
			);
			path = View;
			sourceTree = "<group>";
		};
		C2F3825B246AA42900CB88E8 /* Detail */ = {
			isa = PBXGroup;
			children = (
				C2F38259246AA42300CB88E8 /* DetailView.swift */,
			);
			path = Detail;
			sourceTree = "<group>";
		};
/* End PBXGroup section */

/* Begin PBXNativeTarget section */
		C2D4BDF32464FE610076F99E /* LearningSwiftUI */ = {
			isa = PBXNativeTarget;
			buildConfigurationList = C2D4BE082464FE650076F99E /* Build configuration list for PBXNativeTarget "LearningSwiftUI" */;
			buildPhases = (
				C2D4BDF02464FE610076F99E /* Sources */,
				C2D4BDF12464FE610076F99E /* Frameworks */,
				C2D4BDF22464FE610076F99E /* Resources */,
			);
			buildRules = (
			);
			dependencies = (
			);
			name = LearningSwiftUI;
			productName = LearningSwiftUI;
			productReference = C2D4BDF42464FE610076F99E /* LearningSwiftUI.app */;
			productType = "com.apple.product-type.application";
		};
/* End PBXNativeTarget section */

/* Begin PBXProject section */
		C2D4BDEC2464FE610076F99E /* Project object */ = {
			isa = PBXProject;
			attributes = {
				LastSwiftUpdateCheck = 1140;
				LastUpgradeCheck = 1140;
				ORGANIZATIONNAME = "Justin Nguyen";
				TargetAttributes = {
					C2D4BDF32464FE610076F99E = {
						CreatedOnToolsVersion = 11.4.1;
					};
				};
			};
			buildConfigurationList = C2D4BDEF2464FE610076F99E /* Build configuration list for PBXProject "LearningSwiftUI" */;
			compatibilityVersion = "Xcode 9.3";
			developmentRegion = en;
			hasScannedForEncodings = 0;
			knownRegions = (
				en,
				Base,
			);
			mainGroup = C2D4BDEB2464FE610076F99E;
			productRefGroup = C2D4BDF52464FE610076F99E /* Products */;
			projectDirPath = "";
			projectRoot = "";
			targets = (
				C2D4BDF32464FE610076F99E /* LearningSwiftUI */,
			);
		};
/* End PBXProject section */

/* Begin PBXResourcesBuildPhase section */
		C2D4BDF22464FE610076F99E /* Resources */ = {
			isa = PBXResourcesBuildPhase;
			buildActionMask = 2147483647;
			files = (
				C2D4BE042464FE650076F99E /* LaunchScreen.storyboard in Resources */,
				C2D4BE012464FE650076F99E /* Preview Assets.xcassets in Resources */,
				C2D4BDFE2464FE650076F99E /* Assets.xcassets in Resources */,
			);
			runOnlyForDeploymentPostprocessing = 0;
		};
/* End PBXResourcesBuildPhase section */

/* Begin PBXSourcesBuildPhase section */
		C2D4BDF02464FE610076F99E /* Sources */ = {
			isa = PBXSourcesBuildPhase;
			buildActionMask = 2147483647;
			files = (
				C2D4BDF82464FE610076F99E /* AppDelegate.swift in Sources */,
				C2D4BE15246A7D360076F99E /* HomeViewModel.swift in Sources */,
				C2F38257246A909F00CB88E8 /* User.swift in Sources */,
				C2F3825A246AA42300CB88E8 /* DetailView.swift in Sources */,
				C2319BE9246E7650006D06D4 /* AdaptingStack.swift in Sources */,
				C2D4BDFA2464FE610076F99E /* SceneDelegate.swift in Sources */,
				C2D4BE102465033A0076F99E /* UserView.swift in Sources */,
				C2319BEB246EAAB5006D06D4 /* ActivityIndicator.swift in Sources */,
				C2D4BDFC2464FE610076F99E /* HomeView.swift in Sources */,
			);
			runOnlyForDeploymentPostprocessing = 0;
		};
/* End PBXSourcesBuildPhase section */

/* Begin PBXVariantGroup section */
		C2D4BE022464FE650076F99E /* LaunchScreen.storyboard */ = {
			isa = PBXVariantGroup;
			children = (
				C2D4BE032464FE650076F99E /* Base */,
			);
			name = LaunchScreen.storyboard;
			sourceTree = "<group>";
		};
/* End PBXVariantGroup section */

/* Begin XCBuildConfiguration section */
		C2D4BE062464FE650076F99E /* Debug */ = {
			isa = XCBuildConfiguration;
			buildSettings = {
				ALWAYS_SEARCH_USER_PATHS = NO;
				CLANG_ANALYZER_NONNULL = YES;
				CLANG_ANALYZER_NUMBER_OBJECT_CONVERSION = YES_AGGRESSIVE;
				CLANG_CXX_LANGUAGE_STANDARD = "gnu++14";
				CLANG_CXX_LIBRARY = "libc++";
				CLANG_ENABLE_MODULES = YES;
				CLANG_ENABLE_OBJC_ARC = YES;
				CLANG_ENABLE_OBJC_WEAK = YES;
				CLANG_WARN_BLOCK_CAPTURE_AUTORELEASING = YES;
				CLANG_WARN_BOOL_CONVERSION = YES;
				CLANG_WARN_COMMA = YES;
				CLANG_WARN_CONSTANT_CONVERSION = YES;
				CLANG_WARN_DEPRECATED_OBJC_IMPLEMENTATIONS = YES;
				CLANG_WARN_DIRECT_OBJC_ISA_USAGE = YES_ERROR;
				CLANG_WARN_DOCUMENTATION_COMMENTS = YES;
				CLANG_WARN_EMPTY_BODY = YES;
				CLANG_WARN_ENUM_CONVERSION = YES;
				CLANG_WARN_INFINITE_RECURSION = YES;
				CLANG_WARN_INT_CONVERSION = YES;
				CLANG_WARN_NON_LITERAL_NULL_CONVERSION = YES;
				CLANG_WARN_OBJC_IMPLICIT_RETAIN_SELF = YES;
				CLANG_WARN_OBJC_LITERAL_CONVERSION = YES;
				CLANG_WARN_OBJC_ROOT_CLASS = YES_ERROR;
				CLANG_WARN_RANGE_LOOP_ANALYSIS = YES;
				CLANG_WARN_STRICT_PROTOTYPES = YES;
				CLANG_WARN_SUSPICIOUS_MOVE = YES;
				CLANG_WARN_UNGUARDED_AVAILABILITY = YES_AGGRESSIVE;
				CLANG_WARN_UNREACHABLE_CODE = YES;
				CLANG_WARN__DUPLICATE_METHOD_MATCH = YES;
				COPY_PHASE_STRIP = NO;
				DEBUG_INFORMATION_FORMAT = dwarf;
				ENABLE_STRICT_OBJC_MSGSEND = YES;
				ENABLE_TESTABILITY = YES;
				GCC_C_LANGUAGE_STANDARD = gnu11;
				GCC_DYNAMIC_NO_PIC = NO;
				GCC_NO_COMMON_BLOCKS = YES;
				GCC_OPTIMIZATION_LEVEL = 0;
				GCC_PREPROCESSOR_DEFINITIONS = (
					"DEBUG=1",
					"$(inherited)",
				);
				GCC_WARN_64_TO_32_BIT_CONVERSION = YES;
				GCC_WARN_ABOUT_RETURN_TYPE = YES_ERROR;
				GCC_WARN_UNDECLARED_SELECTOR = YES;
				GCC_WARN_UNINITIALIZED_AUTOS = YES_AGGRESSIVE;
				GCC_WARN_UNUSED_FUNCTION = YES;
				GCC_WARN_UNUSED_VARIABLE = YES;
				IPHONEOS_DEPLOYMENT_TARGET = 13.4;
				MTL_ENABLE_DEBUG_INFO = INCLUDE_SOURCE;
				MTL_FAST_MATH = YES;
				ONLY_ACTIVE_ARCH = YES;
				SDKROOT = iphoneos;
				SWIFT_ACTIVE_COMPILATION_CONDITIONS = DEBUG;
				SWIFT_OPTIMIZATION_LEVEL = "-Onone";
			};
			name = Debug;
		};
		C2D4BE072464FE650076F99E /* Release */ = {
			isa = XCBuildConfiguration;
			buildSettings = {
				ALWAYS_SEARCH_USER_PATHS = NO;
				CLANG_ANALYZER_NONNULL = YES;
				CLANG_ANALYZER_NUMBER_OBJECT_CONVERSION = YES_AGGRESSIVE;
				CLANG_CXX_LANGUAGE_STANDARD = "gnu++14";
				CLANG_CXX_LIBRARY = "libc++";
				CLANG_ENABLE_MODULES = YES;
				CLANG_ENABLE_OBJC_ARC = YES;
				CLANG_ENABLE_OBJC_WEAK = YES;
				CLANG_WARN_BLOCK_CAPTURE_AUTORELEASING = YES;
				CLANG_WARN_BOOL_CONVERSION = YES;
				CLANG_WARN_COMMA = YES;
				CLANG_WARN_CONSTANT_CONVERSION = YES;
				CLANG_WARN_DEPRECATED_OBJC_IMPLEMENTATIONS = YES;
				CLANG_WARN_DIRECT_OBJC_ISA_USAGE = YES_ERROR;
				CLANG_WARN_DOCUMENTATION_COMMENTS = YES;
				CLANG_WARN_EMPTY_BODY = YES;
				CLANG_WARN_ENUM_CONVERSION = YES;
				CLANG_WARN_INFINITE_RECURSION = YES;
				CLANG_WARN_INT_CONVERSION = YES;
				CLANG_WARN_NON_LITERAL_NULL_CONVERSION = YES;
				CLANG_WARN_OBJC_IMPLICIT_RETAIN_SELF = YES;
				CLANG_WARN_OBJC_LITERAL_CONVERSION = YES;
				CLANG_WARN_OBJC_ROOT_CLASS = YES_ERROR;
				CLANG_WARN_RANGE_LOOP_ANALYSIS = YES;
				CLANG_WARN_STRICT_PROTOTYPES = YES;
				CLANG_WARN_SUSPICIOUS_MOVE = YES;
				CLANG_WARN_UNGUARDED_AVAILABILITY = YES_AGGRESSIVE;
				CLANG_WARN_UNREACHABLE_CODE = YES;
				CLANG_WARN__DUPLICATE_METHOD_MATCH = YES;
				COPY_PHASE_STRIP = NO;
				DEBUG_INFORMATION_FORMAT = "dwarf-with-dsym";
				ENABLE_NS_ASSERTIONS = NO;
				ENABLE_STRICT_OBJC_MSGSEND = YES;
				GCC_C_LANGUAGE_STANDARD = gnu11;
				GCC_NO_COMMON_BLOCKS = YES;
				GCC_WARN_64_TO_32_BIT_CONVERSION = YES;
				GCC_WARN_ABOUT_RETURN_TYPE = YES_ERROR;
				GCC_WARN_UNDECLARED_SELECTOR = YES;
				GCC_WARN_UNINITIALIZED_AUTOS = YES_AGGRESSIVE;
				GCC_WARN_UNUSED_FUNCTION = YES;
				GCC_WARN_UNUSED_VARIABLE = YES;
				IPHONEOS_DEPLOYMENT_TARGET = 13.4;
				MTL_ENABLE_DEBUG_INFO = NO;
				MTL_FAST_MATH = YES;
				SDKROOT = iphoneos;
				SWIFT_COMPILATION_MODE = wholemodule;
				SWIFT_OPTIMIZATION_LEVEL = "-O";
				VALIDATE_PRODUCT = YES;
			};
			name = Release;
		};
		C2D4BE092464FE650076F99E /* Debug */ = {
			isa = XCBuildConfiguration;
			buildSettings = {
				ASSETCATALOG_COMPILER_APPICON_NAME = AppIcon;
				CODE_SIGN_STYLE = Automatic;
				DEVELOPMENT_ASSET_PATHS = "\"LearningSwiftUI/Preview Content\"";
				DEVELOPMENT_TEAM = EKZA327T6Q;
				ENABLE_PREVIEWS = YES;
				INFOPLIST_FILE = LearningSwiftUI/Info.plist;
				LD_RUNPATH_SEARCH_PATHS = (
					"$(inherited)",
					"@executable_path/Frameworks",
				);
				PRODUCT_BUNDLE_IDENTIFIER = justin.nguyen.LearningSwiftUI;
				PRODUCT_NAME = "$(TARGET_NAME)";
				SWIFT_VERSION = 5.0;
				TARGETED_DEVICE_FAMILY = "1,2";
			};
			name = Debug;
		};
		C2D4BE0A2464FE650076F99E /* Release */ = {
			isa = XCBuildConfiguration;
			buildSettings = {
				ASSETCATALOG_COMPILER_APPICON_NAME = AppIcon;
				CODE_SIGN_STYLE = Automatic;
				DEVELOPMENT_ASSET_PATHS = "\"LearningSwiftUI/Preview Content\"";
				DEVELOPMENT_TEAM = EKZA327T6Q;
				ENABLE_PREVIEWS = YES;
				INFOPLIST_FILE = LearningSwiftUI/Info.plist;
				LD_RUNPATH_SEARCH_PATHS = (
					"$(inherited)",
					"@executable_path/Frameworks",
				);
				PRODUCT_BUNDLE_IDENTIFIER = justin.nguyen.LearningSwiftUI;
				PRODUCT_NAME = "$(TARGET_NAME)";
				SWIFT_VERSION = 5.0;
				TARGETED_DEVICE_FAMILY = "1,2";
			};
			name = Release;
		};
/* End XCBuildConfiguration section */

/* Begin XCConfigurationList section */
		C2D4BDEF2464FE610076F99E /* Build configuration list for PBXProject "LearningSwiftUI" */ = {
			isa = XCConfigurationList;
			buildConfigurations = (
				C2D4BE062464FE650076F99E /* Debug */,
				C2D4BE072464FE650076F99E /* Release */,
			);
			defaultConfigurationIsVisible = 0;
			defaultConfigurationName = Release;
		};
		C2D4BE082464FE650076F99E /* Build configuration list for PBXNativeTarget "LearningSwiftUI" */ = {
			isa = XCConfigurationList;
			buildConfigurations = (
				C2D4BE092464FE650076F99E /* Debug */,
				C2D4BE0A2464FE650076F99E /* Release */,
			);
			defaultConfigurationIsVisible = 0;
			defaultConfigurationName = Release;
		};
/* End XCConfigurationList section */
	};
	rootObject = C2D4BDEC2464FE610076F99E /* Project object */;
}
